
Microsoft Visual Studio Solution File, Format Version 12.00
# Visual Studio 2013
VisualStudioVersion = 12.0.21005.1
MinimumVisualStudioVersion = 10.0.40219.1
Project("{FAE04EC0-301F-11D3-BF4B-00C04F79EFBC}") = "PoliceCrimePortal", "PoliceCrimePortal\PoliceCrimePortal.csproj", "{721BA5BB-9B04-4F4D-8C18-046B07C8DF10}"
EndProject
Project("{FAE04EC0-301F-11D3-BF4B-00C04F79EFBC}") = "PoliceCrimePortal.Data", "PoliceCrimePortal.Data\PoliceCrimePortal.Data.csproj", "{CC223C12-620E-4F50-AE80-E703C89EEF51}"
EndProject
Project("{FAE04EC0-301F-11D3-BF4B-00C04F79EFBC}") = "PoliceCrimePortal.Service", "PoliceCrimePortal.Service\PoliceCrimePortal.Service.csproj", "{81AA378E-0303-4404-8767-BAA37F306C36}"
EndProject
Global
	GlobalSection(SolutionConfigurationPlatforms) = preSolution
		Debug|Any CPU = Debug|Any CPU
		Release|Any CPU = Release|Any CPU
	EndGlobalSection
	GlobalSection(ProjectConfigurationPlatforms) = postSolution
		{721BA5BB-9B04-4F4D-8C18-046B07C8DF10}.Debug|Any CPU.ActiveCfg = Debug|Any CPU
		{721BA5BB-9B04-4F4D-8C18-046B07C8DF10}.Debug|Any CPU.Build.0 = Debug|Any CPU
		{721BA5BB-9B04-4F4D-8C18-046B07C8DF10}.Release|Any CPU.ActiveCfg = Release|Any CPU
		{721BA5BB-9B04-4F4D-8C18-046B07C8DF10}.Release|Any CPU.Build.0 = Release|Any CPU
		{CC223C12-620E-4F50-AE80-E703C89EEF51}.Debug|Any CPU.ActiveCfg = Debug|Any CPU
		{CC223C12-620E-4F50-AE80-E703C89EEF51}.Debug|Any CPU.Build.0 = Debug|Any CPU
		{CC223C12-620E-4F50-AE80-E703C89EEF51}.Release|Any CPU.ActiveCfg = Release|Any CPU
		{CC223C12-620E-4F50-AE80-E703C89EEF51}.Release|Any CPU.Build.0 = Release|Any CPU
		{81AA378E-0303-4404-8767-BAA37F306C36}.Debug|Any CPU.ActiveCfg = Debug|Any CPU
		{81AA378E-0303-4404-8767-BAA37F306C36}.Debug|Any CPU.Build.0 = Debug|Any CPU
		{81AA378E-0303-4404-8767-BAA37F306C36}.Release|Any CPU.ActiveCfg = Release|Any CPU
		{81AA378E-0303-4404-8767-BAA37F306C36}.Release|Any CPU.Build.0 = Release|Any CPU
	EndGlobalSection
	GlobalSection(SolutionProperties) = preSolution
		HideSolutionNode = FALSE
	EndGlobalSection
EndGlobal
